
Microsoft Visual Studio Solution File, Format Version 12.00
# Visual Studio Version 17
VisualStudioVersion = 17.9.34607.119
MinimumVisualStudioVersion = 10.0.40219.1
Project("{FAE04EC0-301F-11D3-BF4B-00C04F79EFBC}") = "RazorPagesMovie", "RazorPagesMovie.csproj", "{7BE61BBF-32AB-416E-BACF-9FF294E7F193}"
EndProject
Global
	GlobalSection(SolutionConfigurationPlatforms) = preSolution
		Debug|Any CPU = Debug|Any CPU
		Release|Any CPU = Release|Any CPU
	EndGlobalSection
	GlobalSection(ProjectConfigurationPlatforms) = postSolution
		{7BE61BBF-32AB-416E-BACF-9FF294E7F193}.Debug|Any CPU.ActiveCfg = Debug|Any CPU
		{7BE61BBF-32AB-416E-BACF-9FF294E7F193}.Debug|Any CPU.Build.0 = Debug|Any CPU
		{7BE61BBF-32AB-416E-BACF-9FF294E7F193}.Release|Any CPU.ActiveCfg = Release|Any CPU
		{7BE61BBF-32AB-416E-BACF-9FF294E7F193}.Release|Any CPU.Build.0 = Release|Any CPU
	EndGlobalSection
	GlobalSection(SolutionProperties) = preSolution
		HideSolutionNode = FALSE
	EndGlobalSection
	GlobalSection(ExtensibilityGlobals) = postSolution
		SolutionGuid = {D0251974-85BA-4296-BC20-32E0AA578FB7}
	EndGlobalSection
EndGlobal
