
Microsoft Visual Studio Solution File, Format Version 12.00
# Visual Studio Version 17
VisualStudioVersion = 17.8.34330.188
MinimumVisualStudioVersion = 10.0.40219.1
Project("{FAE04EC0-301F-11D3-BF4B-00C04F79EFBC}") = "MyFristColsoleApplication", "MyFristColsoleApplication\MyFristColsoleApplication.csproj", "{314D7738-AF1F-4E71-9F36-DA3F98F033CB}"
EndProject
Global
	GlobalSection(SolutionConfigurationPlatforms) = preSolution
		Debug|Any CPU = Debug|Any CPU
		Release|Any CPU = Release|Any CPU
	EndGlobalSection
	GlobalSection(ProjectConfigurationPlatforms) = postSolution
		{314D7738-AF1F-4E71-9F36-DA3F98F033CB}.Debug|Any CPU.ActiveCfg = Debug|Any CPU
		{314D7738-AF1F-4E71-9F36-DA3F98F033CB}.Debug|Any CPU.Build.0 = Debug|Any CPU
		{314D7738-AF1F-4E71-9F36-DA3F98F033CB}.Release|Any CPU.ActiveCfg = Release|Any CPU
		{314D7738-AF1F-4E71-9F36-DA3F98F033CB}.Release|Any CPU.Build.0 = Release|Any CPU
	EndGlobalSection
	GlobalSection(SolutionProperties) = preSolution
		HideSolutionNode = FALSE
	EndGlobalSection
	GlobalSection(ExtensibilityGlobals) = postSolution
		SolutionGuid = {89185BFA-D82D-491A-B9A3-CD737D3919DE}
	EndGlobalSection
EndGlobal
