
Microsoft Visual Studio Solution File, Format Version 12.00
# Visual Studio Version 17
VisualStudioVersion = 17.9.34723.18
MinimumVisualStudioVersion = 10.0.40219.1
Project("{FAE04EC0-301F-11D3-BF4B-00C04F79EFBC}") = "MasteryProteinVendors", "MasteryProteinVendors.csproj", "{15505FF0-461B-43BD-97C8-C397F0C87546}"
EndProject
Global
	GlobalSection(SolutionConfigurationPlatforms) = preSolution
		Debug|Any CPU = Debug|Any CPU
		Release|Any CPU = Release|Any CPU
	EndGlobalSection
	GlobalSection(ProjectConfigurationPlatforms) = postSolution
		{15505FF0-461B-43BD-97C8-C397F0C87546}.Debug|Any CPU.ActiveCfg = Debug|Any CPU
		{15505FF0-461B-43BD-97C8-C397F0C87546}.Debug|Any CPU.Build.0 = Debug|Any CPU
		{15505FF0-461B-43BD-97C8-C397F0C87546}.Release|Any CPU.ActiveCfg = Release|Any CPU
		{15505FF0-461B-43BD-97C8-C397F0C87546}.Release|Any CPU.Build.0 = Release|Any CPU
	EndGlobalSection
	GlobalSection(SolutionProperties) = preSolution
		HideSolutionNode = FALSE
	EndGlobalSection
	GlobalSection(ExtensibilityGlobals) = postSolution
		SolutionGuid = {8E0F3421-9A34-45E1-845B-8AF872F6877C}
	EndGlobalSection
EndGlobal
