
Microsoft Visual Studio Solution File, Format Version 12.00
# Visual Studio Version 17
VisualStudioVersion = 17.9.34723.18
MinimumVisualStudioVersion = 10.0.40219.1
Project("{FAE04EC0-301F-11D3-BF4B-00C04F79EFBC}") = "VendorManagement", "VendorManagement.csproj", "{A565A76E-2734-4419-AE6D-AADCE9A5B327}"
EndProject
Global
	GlobalSection(SolutionConfigurationPlatforms) = preSolution
		Debug|Any CPU = Debug|Any CPU
		Release|Any CPU = Release|Any CPU
	EndGlobalSection
	GlobalSection(ProjectConfigurationPlatforms) = postSolution
		{A565A76E-2734-4419-AE6D-AADCE9A5B327}.Debug|Any CPU.ActiveCfg = Debug|Any CPU
		{A565A76E-2734-4419-AE6D-AADCE9A5B327}.Debug|Any CPU.Build.0 = Debug|Any CPU
		{A565A76E-2734-4419-AE6D-AADCE9A5B327}.Release|Any CPU.ActiveCfg = Release|Any CPU
		{A565A76E-2734-4419-AE6D-AADCE9A5B327}.Release|Any CPU.Build.0 = Release|Any CPU
	EndGlobalSection
	GlobalSection(SolutionProperties) = preSolution
		HideSolutionNode = FALSE
	EndGlobalSection
	GlobalSection(ExtensibilityGlobals) = postSolution
		SolutionGuid = {3A87BB22-D339-43CE-B9F5-7DFDA3FC6EFA}
	EndGlobalSection
EndGlobal
